
Microsoft Visual Studio Solution File, Format Version 12.00
# Visual Studio Version 17
VisualStudioVersion = 17.6.33723.286
MinimumVisualStudioVersion = 10.0.40219.1
Project("{FAE04EC0-301F-11D3-BF4B-00C04F79EFBC}") = "FS Launcher", "FS Launcher\FS Launcher.csproj", "{EDF463F3-A325-4D53-8C9D-61A97786D9E8}"
EndProject
Global
	GlobalSection(SolutionConfigurationPlatforms) = preSolution
		Debug|Any CPU = Debug|Any CPU
		Release|Any CPU = Release|Any CPU
	EndGlobalSection
	GlobalSection(ProjectConfigurationPlatforms) = postSolution
		{EDF463F3-A325-4D53-8C9D-61A97786D9E8}.Debug|Any CPU.ActiveCfg = Debug|Any CPU
		{EDF463F3-A325-4D53-8C9D-61A97786D9E8}.Debug|Any CPU.Build.0 = Debug|Any CPU
		{EDF463F3-A325-4D53-8C9D-61A97786D9E8}.Release|Any CPU.ActiveCfg = Release|Any CPU
		{EDF463F3-A325-4D53-8C9D-61A97786D9E8}.Release|Any CPU.Build.0 = Release|Any CPU
	EndGlobalSection
	GlobalSection(SolutionProperties) = preSolution
		HideSolutionNode = FALSE
	EndGlobalSection
	GlobalSection(ExtensibilityGlobals) = postSolution
		SolutionGuid = {12DB9F7F-0D7D-42AB-88B6-1FD8CD0164AC}
	EndGlobalSection
EndGlobal
